
Microsoft Visual Studio Solution File, Format Version 12.00
# Visual Studio Version 17
VisualStudioVersion = 17.2.32505.173
MinimumVisualStudioVersion = 10.0.40219.1
Project("{2150E333-8FDC-42A3-9474-1A3956D46DE8}") = "Services", "Services", "{600EB75B-F561-4BB3-81FE-FC58F44892BF}"
EndProject
Project("{2150E333-8FDC-42A3-9474-1A3956D46DE8}") = "Libraries", "Libraries", "{A3A47F05-314B-497A-9AA7-1BA85F1DDA7B}"
EndProject
Project("{2150E333-8FDC-42A3-9474-1A3956D46DE8}") = "Solution Items", "Solution Items", "{2666AE04-72B6-434B-AB58-7361FF31AABF}"
	ProjectSection(SolutionItems) = preProject
		.editorconfig = .editorconfig
		.env = .env
		..\.gitignore = ..\.gitignore
		..\README.md = ..\README.md
	EndProjectSection
EndProject
Project("{9A19103F-16F7-4668-BE54-9A1E7A4F7556}") = "ACME.Library.RabbitMq", "Libraries\ACME.Library.RabbitMq\ACME.Library.RabbitMq.csproj", "{53E36EA0-D724-421E-8F99-95BC71EC358D}"
EndProject
Project("{E53339B2-1760-4266-BCC7-CA923CBCF16C}") = "docker-compose", "docker-compose.dcproj", "{716E7306-1CC5-4375-8AD2-1E109E5C90C7}"
EndProject
Project("{2150E333-8FDC-42A3-9474-1A3956D46DE8}") = "Docker", "Docker", "{F449F46D-ECAD-4CB3-9FA3-36EB03D2385B}"
	ProjectSection(SolutionItems) = preProject
		..\Docker\cleanup.sh = ..\Docker\cleanup.sh
		..\Docker\compose-build-up.sh = ..\Docker\compose-build-up.sh
	EndProjectSection
EndProject
Project("{2150E333-8FDC-42A3-9474-1A3956D46DE8}") = "ThirdParty", "ThirdParty", "{62D095AB-CA20-4F08-9B4A-8537E40401AB}"
EndProject
Project("{2150E333-8FDC-42A3-9474-1A3956D46DE8}") = "services", "services", "{AA26BDC1-F778-483C-96E8-5B6E4D83EF5A}"
EndProject
Project("{2150E333-8FDC-42A3-9474-1A3956D46DE8}") = "rabbitmq", "rabbitmq", "{FEE24445-5711-463F-9024-0209B6249DB1}"
	ProjectSection(SolutionItems) = preProject
		docker\services\rabbitmq\readme.md = docker\services\rabbitmq\readme.md
	EndProjectSection
EndProject
Project("{2150E333-8FDC-42A3-9474-1A3956D46DE8}") = "etc", "etc", "{6C8519AB-F795-485C-91D4-D8A6A7F84112}"
	ProjectSection(SolutionItems) = preProject
		docker\services\rabbitmq\etc\enabled_plugins = docker\services\rabbitmq\etc\enabled_plugins
		docker\services\rabbitmq\etc\rabbitmq.conf = docker\services\rabbitmq\etc\rabbitmq.conf
	EndProjectSection
EndProject
Project("{9A19103F-16F7-4668-BE54-9A1E7A4F7556}") = "ACME.Library.Saga", "Libraries\ACME.Library.Saga\ACME.Library.Saga.csproj", "{F2B63590-A17E-451A-9786-1F6FED46A9DB}"
EndProject
Project("{9A19103F-16F7-4668-BE54-9A1E7A4F7556}") = "ACME.Library.Outbox.EntityFramework", "Libraries\ACME.Library.Outbox.EntityFramework\ACME.Library.Outbox.EntityFramework.csproj", "{33CF49D7-9223-4248-9F14-EC8A9E3DC396}"
EndProject
Project("{9A19103F-16F7-4668-BE54-9A1E7A4F7556}") = "ACME.Library.Outbox", "Libraries\ACME.Library.Outbox\ACME.Library.Outbox.csproj", "{59AA62DC-7221-4551-86F3-C701E6F08679}"
EndProject
Project("{9A19103F-16F7-4668-BE54-9A1E7A4F7556}") = "ACME.Library.Saga.Tests", "Tests\ACME.Library.Saga.Tests\ACME.Library.Saga.Tests.csproj", "{C8A868E4-7894-4133-A098-54F1C1A39CD3}"
EndProject
Project("{FAE04EC0-301F-11D3-BF4B-00C04F79EFBC}") = "ACME.Library.Common", "Libraries\ACME.Library.Common\ACME.Library.Common.csproj", "{87D17E5C-E5A8-4CD2-93BE-AF274AEB6590}"
EndProject
Project("{FAE04EC0-301F-11D3-BF4B-00C04F79EFBC}") = "ACME.Library.Domain", "Libraries\ACME.Library.Domain\ACME.Library.Domain.csproj", "{2E749B78-FCEB-4E61-94FE-994801554028}"
EndProject
Project("{FAE04EC0-301F-11D3-BF4B-00C04F79EFBC}") = "ACME.API.Registration", "Services\ACME.API.Registration\ACME.API.Registration.csproj", "{A153B1B3-4802-44B4-B094-25F06A9BCDA3}"
EndProject
Project("{FAE04EC0-301F-11D3-BF4B-00C04F79EFBC}") = "ACME.Identity", "Services\ACME.Identity\ACME.Identity.csproj", "{410B1930-F4C8-4775-A3CF-0AA720F5CDC9}"
EndProject
Project("{FAE04EC0-301F-11D3-BF4B-00C04F79EFBC}") = "ACME.API.Notifications", "Services\ACME.API.Notifications\ACME.API.Notifications.csproj", "{0301E268-4DD4-4211-8DD9-1F817E5B38D9}"
EndProject
Global
	GlobalSection(SolutionConfigurationPlatforms) = preSolution
		Accept|Any CPU = Accept|Any CPU
		Debug|Any CPU = Debug|Any CPU
		Local|Any CPU = Local|Any CPU
		Prod|Any CPU = Prod|Any CPU
		Release|Any CPU = Release|Any CPU
		Test|Any CPU = Test|Any CPU
	EndGlobalSection
	GlobalSection(ProjectConfigurationPlatforms) = postSolution
		{53E36EA0-D724-421E-8F99-95BC71EC358D}.Accept|Any CPU.ActiveCfg = Release|Any CPU
		{53E36EA0-D724-421E-8F99-95BC71EC358D}.Accept|Any CPU.Build.0 = Release|Any CPU
		{53E36EA0-D724-421E-8F99-95BC71EC358D}.Debug|Any CPU.ActiveCfg = Debug|Any CPU
		{53E36EA0-D724-421E-8F99-95BC71EC358D}.Debug|Any CPU.Build.0 = Debug|Any CPU
		{53E36EA0-D724-421E-8F99-95BC71EC358D}.Local|Any CPU.ActiveCfg = Release|Any CPU
		{53E36EA0-D724-421E-8F99-95BC71EC358D}.Local|Any CPU.Build.0 = Release|Any CPU
		{53E36EA0-D724-421E-8F99-95BC71EC358D}.Prod|Any CPU.ActiveCfg = Release|Any CPU
		{53E36EA0-D724-421E-8F99-95BC71EC358D}.Prod|Any CPU.Build.0 = Release|Any CPU
		{53E36EA0-D724-421E-8F99-95BC71EC358D}.Release|Any CPU.ActiveCfg = Release|Any CPU
		{53E36EA0-D724-421E-8F99-95BC71EC358D}.Release|Any CPU.Build.0 = Release|Any CPU
		{53E36EA0-D724-421E-8F99-95BC71EC358D}.Test|Any CPU.ActiveCfg = Release|Any CPU
		{53E36EA0-D724-421E-8F99-95BC71EC358D}.Test|Any CPU.Build.0 = Release|Any CPU
		{716E7306-1CC5-4375-8AD2-1E109E5C90C7}.Accept|Any CPU.ActiveCfg = Release|Any CPU
		{716E7306-1CC5-4375-8AD2-1E109E5C90C7}.Accept|Any CPU.Build.0 = Release|Any CPU
		{716E7306-1CC5-4375-8AD2-1E109E5C90C7}.Debug|Any CPU.ActiveCfg = Debug|Any CPU
		{716E7306-1CC5-4375-8AD2-1E109E5C90C7}.Debug|Any CPU.Build.0 = Debug|Any CPU
		{716E7306-1CC5-4375-8AD2-1E109E5C90C7}.Local|Any CPU.ActiveCfg = Release|Any CPU
		{716E7306-1CC5-4375-8AD2-1E109E5C90C7}.Local|Any CPU.Build.0 = Release|Any CPU
		{716E7306-1CC5-4375-8AD2-1E109E5C90C7}.Prod|Any CPU.ActiveCfg = Release|Any CPU
		{716E7306-1CC5-4375-8AD2-1E109E5C90C7}.Prod|Any CPU.Build.0 = Release|Any CPU
		{716E7306-1CC5-4375-8AD2-1E109E5C90C7}.Release|Any CPU.ActiveCfg = Release|Any CPU
		{716E7306-1CC5-4375-8AD2-1E109E5C90C7}.Release|Any CPU.Build.0 = Release|Any CPU
		{716E7306-1CC5-4375-8AD2-1E109E5C90C7}.Test|Any CPU.ActiveCfg = Release|Any CPU
		{716E7306-1CC5-4375-8AD2-1E109E5C90C7}.Test|Any CPU.Build.0 = Release|Any CPU
		{F2B63590-A17E-451A-9786-1F6FED46A9DB}.Accept|Any CPU.ActiveCfg = Debug|Any CPU
		{F2B63590-A17E-451A-9786-1F6FED46A9DB}.Accept|Any CPU.Build.0 = Debug|Any CPU
		{F2B63590-A17E-451A-9786-1F6FED46A9DB}.Debug|Any CPU.ActiveCfg = Debug|Any CPU
		{F2B63590-A17E-451A-9786-1F6FED46A9DB}.Debug|Any CPU.Build.0 = Debug|Any CPU
		{F2B63590-A17E-451A-9786-1F6FED46A9DB}.Local|Any CPU.ActiveCfg = Debug|Any CPU
		{F2B63590-A17E-451A-9786-1F6FED46A9DB}.Local|Any CPU.Build.0 = Debug|Any CPU
		{F2B63590-A17E-451A-9786-1F6FED46A9DB}.Prod|Any CPU.ActiveCfg = Debug|Any CPU
		{F2B63590-A17E-451A-9786-1F6FED46A9DB}.Prod|Any CPU.Build.0 = Debug|Any CPU
		{F2B63590-A17E-451A-9786-1F6FED46A9DB}.Release|Any CPU.ActiveCfg = Release|Any CPU
		{F2B63590-A17E-451A-9786-1F6FED46A9DB}.Release|Any CPU.Build.0 = Release|Any CPU
		{F2B63590-A17E-451A-9786-1F6FED46A9DB}.Test|Any CPU.ActiveCfg = Debug|Any CPU
		{F2B63590-A17E-451A-9786-1F6FED46A9DB}.Test|Any CPU.Build.0 = Debug|Any CPU
		{33CF49D7-9223-4248-9F14-EC8A9E3DC396}.Accept|Any CPU.ActiveCfg = Debug|Any CPU
		{33CF49D7-9223-4248-9F14-EC8A9E3DC396}.Accept|Any CPU.Build.0 = Debug|Any CPU
		{33CF49D7-9223-4248-9F14-EC8A9E3DC396}.Debug|Any CPU.ActiveCfg = Debug|Any CPU
		{33CF49D7-9223-4248-9F14-EC8A9E3DC396}.Debug|Any CPU.Build.0 = Debug|Any CPU
		{33CF49D7-9223-4248-9F14-EC8A9E3DC396}.Local|Any CPU.ActiveCfg = Debug|Any CPU
		{33CF49D7-9223-4248-9F14-EC8A9E3DC396}.Local|Any CPU.Build.0 = Debug|Any CPU
		{33CF49D7-9223-4248-9F14-EC8A9E3DC396}.Prod|Any CPU.ActiveCfg = Debug|Any CPU
		{33CF49D7-9223-4248-9F14-EC8A9E3DC396}.Prod|Any CPU.Build.0 = Debug|Any CPU
		{33CF49D7-9223-4248-9F14-EC8A9E3DC396}.Release|Any CPU.ActiveCfg = Release|Any CPU
		{33CF49D7-9223-4248-9F14-EC8A9E3DC396}.Release|Any CPU.Build.0 = Release|Any CPU
		{33CF49D7-9223-4248-9F14-EC8A9E3DC396}.Test|Any CPU.ActiveCfg = Debug|Any CPU
		{33CF49D7-9223-4248-9F14-EC8A9E3DC396}.Test|Any CPU.Build.0 = Debug|Any CPU
		{59AA62DC-7221-4551-86F3-C701E6F08679}.Accept|Any CPU.ActiveCfg = Debug|Any CPU
		{59AA62DC-7221-4551-86F3-C701E6F08679}.Accept|Any CPU.Build.0 = Debug|Any CPU
		{59AA62DC-7221-4551-86F3-C701E6F08679}.Debug|Any CPU.ActiveCfg = Debug|Any CPU
		{59AA62DC-7221-4551-86F3-C701E6F08679}.Debug|Any CPU.Build.0 = Debug|Any CPU
		{59AA62DC-7221-4551-86F3-C701E6F08679}.Local|Any CPU.ActiveCfg = Debug|Any CPU
		{59AA62DC-7221-4551-86F3-C701E6F08679}.Local|Any CPU.Build.0 = Debug|Any CPU
		{59AA62DC-7221-4551-86F3-C701E6F08679}.Prod|Any CPU.ActiveCfg = Debug|Any CPU
		{59AA62DC-7221-4551-86F3-C701E6F08679}.Prod|Any CPU.Build.0 = Debug|Any CPU
		{59AA62DC-7221-4551-86F3-C701E6F08679}.Release|Any CPU.ActiveCfg = Release|Any CPU
		{59AA62DC-7221-4551-86F3-C701E6F08679}.Release|Any CPU.Build.0 = Release|Any CPU
		{59AA62DC-7221-4551-86F3-C701E6F08679}.Test|Any CPU.ActiveCfg = Debug|Any CPU
		{59AA62DC-7221-4551-86F3-C701E6F08679}.Test|Any CPU.Build.0 = Debug|Any CPU
		{C8A868E4-7894-4133-A098-54F1C1A39CD3}.Accept|Any CPU.ActiveCfg = Debug|Any CPU
		{C8A868E4-7894-4133-A098-54F1C1A39CD3}.Accept|Any CPU.Build.0 = Debug|Any CPU
		{C8A868E4-7894-4133-A098-54F1C1A39CD3}.Debug|Any CPU.ActiveCfg = Debug|Any CPU
		{C8A868E4-7894-4133-A098-54F1C1A39CD3}.Debug|Any CPU.Build.0 = Debug|Any CPU
		{C8A868E4-7894-4133-A098-54F1C1A39CD3}.Local|Any CPU.ActiveCfg = Debug|Any CPU
		{C8A868E4-7894-4133-A098-54F1C1A39CD3}.Local|Any CPU.Build.0 = Debug|Any CPU
		{C8A868E4-7894-4133-A098-54F1C1A39CD3}.Prod|Any CPU.ActiveCfg = Debug|Any CPU
		{C8A868E4-7894-4133-A098-54F1C1A39CD3}.Prod|Any CPU.Build.0 = Debug|Any CPU
		{C8A868E4-7894-4133-A098-54F1C1A39CD3}.Release|Any CPU.ActiveCfg = Release|Any CPU
		{C8A868E4-7894-4133-A098-54F1C1A39CD3}.Release|Any CPU.Build.0 = Release|Any CPU
		{C8A868E4-7894-4133-A098-54F1C1A39CD3}.Test|Any CPU.ActiveCfg = Debug|Any CPU
		{C8A868E4-7894-4133-A098-54F1C1A39CD3}.Test|Any CPU.Build.0 = Debug|Any CPU
		{87D17E5C-E5A8-4CD2-93BE-AF274AEB6590}.Accept|Any CPU.ActiveCfg = Debug|Any CPU
		{87D17E5C-E5A8-4CD2-93BE-AF274AEB6590}.Accept|Any CPU.Build.0 = Debug|Any CPU
		{87D17E5C-E5A8-4CD2-93BE-AF274AEB6590}.Debug|Any CPU.ActiveCfg = Debug|Any CPU
		{87D17E5C-E5A8-4CD2-93BE-AF274AEB6590}.Debug|Any CPU.Build.0 = Debug|Any CPU
		{87D17E5C-E5A8-4CD2-93BE-AF274AEB6590}.Local|Any CPU.ActiveCfg = Debug|Any CPU
		{87D17E5C-E5A8-4CD2-93BE-AF274AEB6590}.Local|Any CPU.Build.0 = Debug|Any CPU
		{87D17E5C-E5A8-4CD2-93BE-AF274AEB6590}.Prod|Any CPU.ActiveCfg = Debug|Any CPU
		{87D17E5C-E5A8-4CD2-93BE-AF274AEB6590}.Prod|Any CPU.Build.0 = Debug|Any CPU
		{87D17E5C-E5A8-4CD2-93BE-AF274AEB6590}.Release|Any CPU.ActiveCfg = Release|Any CPU
		{87D17E5C-E5A8-4CD2-93BE-AF274AEB6590}.Release|Any CPU.Build.0 = Release|Any CPU
		{87D17E5C-E5A8-4CD2-93BE-AF274AEB6590}.Test|Any CPU.ActiveCfg = Debug|Any CPU
		{87D17E5C-E5A8-4CD2-93BE-AF274AEB6590}.Test|Any CPU.Build.0 = Debug|Any CPU
		{2E749B78-FCEB-4E61-94FE-994801554028}.Accept|Any CPU.ActiveCfg = Debug|Any CPU
		{2E749B78-FCEB-4E61-94FE-994801554028}.Accept|Any CPU.Build.0 = Debug|Any CPU
		{2E749B78-FCEB-4E61-94FE-994801554028}.Debug|Any CPU.ActiveCfg = Debug|Any CPU
		{2E749B78-FCEB-4E61-94FE-994801554028}.Debug|Any CPU.Build.0 = Debug|Any CPU
		{2E749B78-FCEB-4E61-94FE-994801554028}.Local|Any CPU.ActiveCfg = Debug|Any CPU
		{2E749B78-FCEB-4E61-94FE-994801554028}.Local|Any CPU.Build.0 = Debug|Any CPU
		{2E749B78-FCEB-4E61-94FE-994801554028}.Prod|Any CPU.ActiveCfg = Debug|Any CPU
		{2E749B78-FCEB-4E61-94FE-994801554028}.Prod|Any CPU.Build.0 = Debug|Any CPU
		{2E749B78-FCEB-4E61-94FE-994801554028}.Release|Any CPU.ActiveCfg = Release|Any CPU
		{2E749B78-FCEB-4E61-94FE-994801554028}.Release|Any CPU.Build.0 = Release|Any CPU
		{2E749B78-FCEB-4E61-94FE-994801554028}.Test|Any CPU.ActiveCfg = Debug|Any CPU
		{2E749B78-FCEB-4E61-94FE-994801554028}.Test|Any CPU.Build.0 = Debug|Any CPU
		{A153B1B3-4802-44B4-B094-25F06A9BCDA3}.Accept|Any CPU.ActiveCfg = Debug|Any CPU
		{A153B1B3-4802-44B4-B094-25F06A9BCDA3}.Accept|Any CPU.Build.0 = Debug|Any CPU
		{A153B1B3-4802-44B4-B094-25F06A9BCDA3}.Debug|Any CPU.ActiveCfg = Debug|Any CPU
		{A153B1B3-4802-44B4-B094-25F06A9BCDA3}.Debug|Any CPU.Build.0 = Debug|Any CPU
		{A153B1B3-4802-44B4-B094-25F06A9BCDA3}.Local|Any CPU.ActiveCfg = Debug|Any CPU
		{A153B1B3-4802-44B4-B094-25F06A9BCDA3}.Local|Any CPU.Build.0 = Debug|Any CPU
		{A153B1B3-4802-44B4-B094-25F06A9BCDA3}.Prod|Any CPU.ActiveCfg = Debug|Any CPU
		{A153B1B3-4802-44B4-B094-25F06A9BCDA3}.Prod|Any CPU.Build.0 = Debug|Any CPU
		{A153B1B3-4802-44B4-B094-25F06A9BCDA3}.Release|Any CPU.ActiveCfg = Release|Any CPU
		{A153B1B3-4802-44B4-B094-25F06A9BCDA3}.Release|Any CPU.Build.0 = Release|Any CPU
		{A153B1B3-4802-44B4-B094-25F06A9BCDA3}.Test|Any CPU.ActiveCfg = Debug|Any CPU
		{A153B1B3-4802-44B4-B094-25F06A9BCDA3}.Test|Any CPU.Build.0 = Debug|Any CPU
		{410B1930-F4C8-4775-A3CF-0AA720F5CDC9}.Accept|Any CPU.ActiveCfg = Debug|Any CPU
		{410B1930-F4C8-4775-A3CF-0AA720F5CDC9}.Accept|Any CPU.Build.0 = Debug|Any CPU
		{410B1930-F4C8-4775-A3CF-0AA720F5CDC9}.Debug|Any CPU.ActiveCfg = Debug|Any CPU
		{410B1930-F4C8-4775-A3CF-0AA720F5CDC9}.Debug|Any CPU.Build.0 = Debug|Any CPU
		{410B1930-F4C8-4775-A3CF-0AA720F5CDC9}.Local|Any CPU.ActiveCfg = Debug|Any CPU
		{410B1930-F4C8-4775-A3CF-0AA720F5CDC9}.Local|Any CPU.Build.0 = Debug|Any CPU
		{410B1930-F4C8-4775-A3CF-0AA720F5CDC9}.Prod|Any CPU.ActiveCfg = Debug|Any CPU
		{410B1930-F4C8-4775-A3CF-0AA720F5CDC9}.Prod|Any CPU.Build.0 = Debug|Any CPU
		{410B1930-F4C8-4775-A3CF-0AA720F5CDC9}.Release|Any CPU.ActiveCfg = Release|Any CPU
		{410B1930-F4C8-4775-A3CF-0AA720F5CDC9}.Release|Any CPU.Build.0 = Release|Any CPU
		{410B1930-F4C8-4775-A3CF-0AA720F5CDC9}.Test|Any CPU.ActiveCfg = Debug|Any CPU
		{410B1930-F4C8-4775-A3CF-0AA720F5CDC9}.Test|Any CPU.Build.0 = Debug|Any CPU
		{0301E268-4DD4-4211-8DD9-1F817E5B38D9}.Accept|Any CPU.ActiveCfg = Debug|Any CPU
		{0301E268-4DD4-4211-8DD9-1F817E5B38D9}.Accept|Any CPU.Build.0 = Debug|Any CPU
		{0301E268-4DD4-4211-8DD9-1F817E5B38D9}.Debug|Any CPU.ActiveCfg = Debug|Any CPU
		{0301E268-4DD4-4211-8DD9-1F817E5B38D9}.Debug|Any CPU.Build.0 = Debug|Any CPU
		{0301E268-4DD4-4211-8DD9-1F817E5B38D9}.Local|Any CPU.ActiveCfg = Debug|Any CPU
		{0301E268-4DD4-4211-8DD9-1F817E5B38D9}.Local|Any CPU.Build.0 = Debug|Any CPU
		{0301E268-4DD4-4211-8DD9-1F817E5B38D9}.Prod|Any CPU.ActiveCfg = Debug|Any CPU
		{0301E268-4DD4-4211-8DD9-1F817E5B38D9}.Prod|Any CPU.Build.0 = Debug|Any CPU
		{0301E268-4DD4-4211-8DD9-1F817E5B38D9}.Release|Any CPU.ActiveCfg = Release|Any CPU
		{0301E268-4DD4-4211-8DD9-1F817E5B38D9}.Release|Any CPU.Build.0 = Release|Any CPU
		{0301E268-4DD4-4211-8DD9-1F817E5B38D9}.Test|Any CPU.ActiveCfg = Debug|Any CPU
		{0301E268-4DD4-4211-8DD9-1F817E5B38D9}.Test|Any CPU.Build.0 = Debug|Any CPU
	EndGlobalSection
	GlobalSection(SolutionProperties) = preSolution
		HideSolutionNode = FALSE
	EndGlobalSection
	GlobalSection(NestedProjects) = preSolution
		{53E36EA0-D724-421E-8F99-95BC71EC358D} = {A3A47F05-314B-497A-9AA7-1BA85F1DDA7B}
		{F449F46D-ECAD-4CB3-9FA3-36EB03D2385B} = {2666AE04-72B6-434B-AB58-7361FF31AABF}
		{AA26BDC1-F778-483C-96E8-5B6E4D83EF5A} = {62D095AB-CA20-4F08-9B4A-8537E40401AB}
		{FEE24445-5711-463F-9024-0209B6249DB1} = {AA26BDC1-F778-483C-96E8-5B6E4D83EF5A}
		{6C8519AB-F795-485C-91D4-D8A6A7F84112} = {FEE24445-5711-463F-9024-0209B6249DB1}
		{F2B63590-A17E-451A-9786-1F6FED46A9DB} = {A3A47F05-314B-497A-9AA7-1BA85F1DDA7B}
		{33CF49D7-9223-4248-9F14-EC8A9E3DC396} = {A3A47F05-314B-497A-9AA7-1BA85F1DDA7B}
		{59AA62DC-7221-4551-86F3-C701E6F08679} = {A3A47F05-314B-497A-9AA7-1BA85F1DDA7B}
		{C8A868E4-7894-4133-A098-54F1C1A39CD3} = {A3A47F05-314B-497A-9AA7-1BA85F1DDA7B}
		{87D17E5C-E5A8-4CD2-93BE-AF274AEB6590} = {A3A47F05-314B-497A-9AA7-1BA85F1DDA7B}
		{2E749B78-FCEB-4E61-94FE-994801554028} = {A3A47F05-314B-497A-9AA7-1BA85F1DDA7B}
		{A153B1B3-4802-44B4-B094-25F06A9BCDA3} = {600EB75B-F561-4BB3-81FE-FC58F44892BF}
		{410B1930-F4C8-4775-A3CF-0AA720F5CDC9} = {600EB75B-F561-4BB3-81FE-FC58F44892BF}
		{0301E268-4DD4-4211-8DD9-1F817E5B38D9} = {600EB75B-F561-4BB3-81FE-FC58F44892BF}
	EndGlobalSection
	GlobalSection(ExtensibilityGlobals) = postSolution
		SolutionGuid = {49C74018-9D31-4A37-990C-82B583C8990C}
	EndGlobalSection
EndGlobal
